
Microsoft Visual Studio Solution File, Format Version 12.00
# Visual Studio 15
VisualStudioVersion = 15.0.27130.2003
MinimumVisualStudioVersion = 10.0.40219.1
Project("{9A19103F-16F7-4668-BE54-9A1E7A4F7556}") = "Genetic", "Genetic\Genetic.csproj", "{80B63768-B5A7-4597-A1D7-3B0DFD2BCB5C}"
EndProject
Project("{FAE04EC0-301F-11D3-BF4B-00C04F79EFBC}") = "Console", "Console\Console.csproj", "{7793F3C2-5D5B-46B4-933A-A7FCFDABC171}"
EndProject
Global
	GlobalSection(SolutionConfigurationPlatforms) = preSolution
		Debug|Any CPU = Debug|Any CPU
		Debug|x64 = Debug|x64
		Release|Any CPU = Release|Any CPU
		Release|x64 = Release|x64
	EndGlobalSection
	GlobalSection(ProjectConfigurationPlatforms) = postSolution
		{80B63768-B5A7-4597-A1D7-3B0DFD2BCB5C}.Debug|Any CPU.ActiveCfg = Debug|Any CPU
		{80B63768-B5A7-4597-A1D7-3B0DFD2BCB5C}.Debug|Any CPU.Build.0 = Debug|Any CPU
		{80B63768-B5A7-4597-A1D7-3B0DFD2BCB5C}.Debug|x64.ActiveCfg = Debug|Any CPU
		{80B63768-B5A7-4597-A1D7-3B0DFD2BCB5C}.Debug|x64.Build.0 = Debug|Any CPU
		{80B63768-B5A7-4597-A1D7-3B0DFD2BCB5C}.Release|Any CPU.ActiveCfg = Release|Any CPU
		{80B63768-B5A7-4597-A1D7-3B0DFD2BCB5C}.Release|Any CPU.Build.0 = Release|Any CPU
		{80B63768-B5A7-4597-A1D7-3B0DFD2BCB5C}.Release|x64.ActiveCfg = Release|Any CPU
		{80B63768-B5A7-4597-A1D7-3B0DFD2BCB5C}.Release|x64.Build.0 = Release|Any CPU
		{7793F3C2-5D5B-46B4-933A-A7FCFDABC171}.Debug|Any CPU.ActiveCfg = Debug|Any CPU
		{7793F3C2-5D5B-46B4-933A-A7FCFDABC171}.Debug|Any CPU.Build.0 = Debug|Any CPU
		{7793F3C2-5D5B-46B4-933A-A7FCFDABC171}.Debug|x64.ActiveCfg = Debug|x64
		{7793F3C2-5D5B-46B4-933A-A7FCFDABC171}.Debug|x64.Build.0 = Debug|x64
		{7793F3C2-5D5B-46B4-933A-A7FCFDABC171}.Release|Any CPU.ActiveCfg = Release|Any CPU
		{7793F3C2-5D5B-46B4-933A-A7FCFDABC171}.Release|Any CPU.Build.0 = Release|Any CPU
		{7793F3C2-5D5B-46B4-933A-A7FCFDABC171}.Release|x64.ActiveCfg = Release|x64
		{7793F3C2-5D5B-46B4-933A-A7FCFDABC171}.Release|x64.Build.0 = Release|x64
	EndGlobalSection
	GlobalSection(SolutionProperties) = preSolution
		HideSolutionNode = FALSE
	EndGlobalSection
	GlobalSection(ExtensibilityGlobals) = postSolution
		SolutionGuid = {A2CD1F36-2846-48F3-8879-55C22C1B330D}
	EndGlobalSection
EndGlobal
